Microsoft Visual Studio Solution File, Format Version 12.00
# Visual Studio 2013
Project("{8BC9CEB8-8B4A-11D0-8D11-00A0C91BC942}") = "ALL_BUILD", "ALL_BUILD.vcxproj", "{FCCCBD61-F4FF-46E1-AC0A-1B17F2B74337}"
	ProjectSection(ProjectDependencies) = postProject
		{6EA29E8D-B5BA-4ECF-BA60-B71416D6EB41} = {6EA29E8D-B5BA-4ECF-BA60-B71416D6EB41}
		{F2EF9FF0-B7A3-409F-8410-6D95D49A09F2} = {F2EF9FF0-B7A3-409F-8410-6D95D49A09F2}
		{4BF39EAA-5CC6-4057-BC6A-07E0D609B09A} = {4BF39EAA-5CC6-4057-BC6A-07E0D609B09A}
		{755C2C78-7B8D-4782-B8C1-71A4C1DEC293} = {755C2C78-7B8D-4782-B8C1-71A4C1DEC293}
		{06A5805A-528F-4D8F-8644-F03395FDCB87} = {06A5805A-528F-4D8F-8644-F03395FDCB87}
		{297C0F0A-6506-41DE-88ED-DB8426C85270} = {297C0F0A-6506-41DE-88ED-DB8426C85270}
		{0F93166A-01D4-4B20-93C6-422B2770F2DF} = {0F93166A-01D4-4B20-93C6-422B2770F2DF}
		{E6D86358-7D0C-4058-9076-FE75FB046919} = {E6D86358-7D0C-4058-9076-FE75FB046919}
		{5E3A94B9-11D7-4585-BC55-18E5B78E5D4A} = {5E3A94B9-11D7-4585-BC55-18E5B78E5D4A}
		{A20D9222-7FD4-4016-8BC1-8D66B6356385} = {A20D9222-7FD4-4016-8BC1-8D66B6356385}
		{EEE1935B-D2EC-4913-AD85-52AC81ADD397} = {EEE1935B-D2EC-4913-AD85-52AC81ADD397}
		{3EF1E3BF-96D5-45FC-87BF-B9FE4440ED24} = {3EF1E3BF-96D5-45FC-87BF-B9FE4440ED24}
		{1C7F975D-151C-4CC1-AE9E-9E7451C70C16} = {1C7F975D-151C-4CC1-AE9E-9E7451C70C16}
		{56DC5779-9428-4FA8-BB89-10443A9DF421} = {56DC5779-9428-4FA8-BB89-10443A9DF421}
		{A4ED1AF5-17A3-4746-873F-7F43551B7DA0} = {A4ED1AF5-17A3-4746-873F-7F43551B7DA0}
		{211BCE63-D98D-48FA-9C82-DF366E5D2D6C} = {211BCE63-D98D-48FA-9C82-DF366E5D2D6C}
		{7594DE39-8530-457C-8419-B518D80DF654} = {7594DE39-8530-457C-8419-B518D80DF654}
		{9B1C99EC-4715-4D36-9673-2F9907BE8CD6} = {9B1C99EC-4715-4D36-9673-2F9907BE8CD6}
		{D2C79B6B-8194-4696-B9EB-C528B38B4BC7} = {D2C79B6B-8194-4696-B9EB-C528B38B4BC7}
		{CFF2C629-231D-4A5B-978B-58737CF8FE87} = {CFF2C629-231D-4A5B-978B-58737CF8FE87}
		{7AD3B7E5-0943-466B-B124-20AD05C5ADE0} = {7AD3B7E5-0943-466B-B124-20AD05C5ADE0}
		{502087E1-CCDF-4823-88C1-53281F9EE83F} = {502087E1-CCDF-4823-88C1-53281F9EE83F}
		{B102089A-D177-4108-A4FD-07F46A45BE09} = {B102089A-D177-4108-A4FD-07F46A45BE09}
		{4F59F923-F81C-4ED5-BC05-04D2F1524A64} = {4F59F923-F81C-4ED5-BC05-04D2F1524A64}
		{609191B5-C192-4D2E-B72A-78F96AF32954} = {609191B5-C192-4D2E-B72A-78F96AF32954}
		{879ED904-DCDB-4544-8C64-3997CF7424EC} = {879ED904-DCDB-4544-8C64-3997CF7424EC}
		{5E5229B1-E1C4-4B7D-A318-2261C2C49BC1} = {5E5229B1-E1C4-4B7D-A318-2261C2C49BC1}
		{9CE7D7B8-D0A3-4381-B496-F0116DAB1496} = {9CE7D7B8-D0A3-4381-B496-F0116DAB1496}
		{2E7D719B-CCC2-420B-A77C-27F326A5D6B5} = {2E7D719B-CCC2-420B-A77C-27F326A5D6B5}
		{A995470D-6B7F-4CB5-805A-94AE8D3A8337} = {A995470D-6B7F-4CB5-805A-94AE8D3A8337}
		{98BDFD97-140B-434E-B49C-08C4C41DE8FF} = {98BDFD97-140B-434E-B49C-08C4C41DE8FF}
		{5134E4C1-CB88-4893-AD81-B59F772D1E0A} = {5134E4C1-CB88-4893-AD81-B59F772D1E0A}
		{F4E21C57-2E04-49E6-87B9-97EB6E523AD8} = {F4E21C57-2E04-49E6-87B9-97EB6E523AD8}
		{550F7377-C3DA-4F5C-9A57-20460AD24AFC} = {550F7377-C3DA-4F5C-9A57-20460AD24AFC}
		{9528D57E-7A23-4BD0-9BF4-BAE36D5D68AF} = {9528D57E-7A23-4BD0-9BF4-BAE36D5D68AF}
		{F304ADB9-40ED-4E46-BBD7-5D2BBB73A15D} = {F304ADB9-40ED-4E46-BBD7-5D2BBB73A15D}
	EndProjectSection
EndProject
Project("{8BC9CEB8-8B4A-11D0-8D11-00A0C91BC942}") = "ANTTWEAKBAR_116_OGLCORE_GLFW", "external\ANTTWEAKBAR_116_OGLCORE_GLFW.vcxproj", "{6EA29E8D-B5BA-4ECF-BA60-B71416D6EB41}"
	ProjectSection(ProjectDependencies) = postProject
		{E6D86358-7D0C-4058-9076-FE75FB046919} = {E6D86358-7D0C-4058-9076-FE75FB046919}
	EndProjectSection
EndProject
Project("{8BC9CEB8-8B4A-11D0-8D11-00A0C91BC942}") = "BulletCollision", "external\bullet-2.81-rev2613\src\BulletCollision\BulletCollision.vcxproj", "{F2EF9FF0-B7A3-409F-8410-6D95D49A09F2}"
	ProjectSection(ProjectDependencies) = postProject
		{E6D86358-7D0C-4058-9076-FE75FB046919} = {E6D86358-7D0C-4058-9076-FE75FB046919}
	EndProjectSection
EndProject
Project("{8BC9CEB8-8B4A-11D0-8D11-00A0C91BC942}") = "BulletDynamics", "external\bullet-2.81-rev2613\src\BulletDynamics\BulletDynamics.vcxproj", "{4BF39EAA-5CC6-4057-BC6A-07E0D609B09A}"
	ProjectSection(ProjectDependencies) = postProject
		{E6D86358-7D0C-4058-9076-FE75FB046919} = {E6D86358-7D0C-4058-9076-FE75FB046919}
	EndProjectSection
EndProject
Project("{8BC9CEB8-8B4A-11D0-8D11-00A0C91BC942}") = "BulletSoftBody", "external\bullet-2.81-rev2613\src\BulletSoftBody\BulletSoftBody.vcxproj", "{755C2C78-7B8D-4782-B8C1-71A4C1DEC293}"
	ProjectSection(ProjectDependencies) = postProject
		{E6D86358-7D0C-4058-9076-FE75FB046919} = {E6D86358-7D0C-4058-9076-FE75FB046919}
	EndProjectSection
EndProject
Project("{8BC9CEB8-8B4A-11D0-8D11-00A0C91BC942}") = "GLEW_190", "external\GLEW_190.vcxproj", "{06A5805A-528F-4D8F-8644-F03395FDCB87}"
	ProjectSection(ProjectDependencies) = postProject
		{E6D86358-7D0C-4058-9076-FE75FB046919} = {E6D86358-7D0C-4058-9076-FE75FB046919}
	EndProjectSection
EndProject
Project("{8BC9CEB8-8B4A-11D0-8D11-00A0C91BC942}") = "GLFW_303", "external\glfw-3.0.3\src\GLFW_303.vcxproj", "{297C0F0A-6506-41DE-88ED-DB8426C85270}"
	ProjectSection(ProjectDependencies) = postProject
		{E6D86358-7D0C-4058-9076-FE75FB046919} = {E6D86358-7D0C-4058-9076-FE75FB046919}
	EndProjectSection
EndProject
Project("{8BC9CEB8-8B4A-11D0-8D11-00A0C91BC942}") = "INSTALL", "INSTALL.vcxproj", "{1136DBF0-F28C-41B9-9DD9-7082DC5A532C}"
	ProjectSection(ProjectDependencies) = postProject
		{FCCCBD61-F4FF-46E1-AC0A-1B17F2B74337} = {FCCCBD61-F4FF-46E1-AC0A-1B17F2B74337}
	EndProjectSection
EndProject
Project("{8BC9CEB8-8B4A-11D0-8D11-00A0C91BC942}") = "LinearMath", "external\bullet-2.81-rev2613\src\LinearMath\LinearMath.vcxproj", "{0F93166A-01D4-4B20-93C6-422B2770F2DF}"
	ProjectSection(ProjectDependencies) = postProject
		{E6D86358-7D0C-4058-9076-FE75FB046919} = {E6D86358-7D0C-4058-9076-FE75FB046919}
	EndProjectSection
EndProject
Project("{8BC9CEB8-8B4A-11D0-8D11-00A0C91BC942}") = "ZERO_CHECK", "ZERO_CHECK.vcxproj", "{E6D86358-7D0C-4058-9076-FE75FB046919}"
	ProjectSection(ProjectDependencies) = postProject
	EndProjectSection
EndProject
Project("{8BC9CEB8-8B4A-11D0-8D11-00A0C91BC942}") = "assimp", "external\assimp-3.0.1270\code\assimp.vcxproj", "{5E3A94B9-11D7-4585-BC55-18E5B78E5D4A}"
	ProjectSection(ProjectDependencies) = postProject
		{E6D86358-7D0C-4058-9076-FE75FB046919} = {E6D86358-7D0C-4058-9076-FE75FB046919}
		{F304ADB9-40ED-4E46-BBD7-5D2BBB73A15D} = {F304ADB9-40ED-4E46-BBD7-5D2BBB73A15D}
	EndProjectSection
EndProject
Project("{8BC9CEB8-8B4A-11D0-8D11-00A0C91BC942}") = "misc05_picking_BulletPhysics", "misc05_picking_BulletPhysics.vcxproj", "{A20D9222-7FD4-4016-8BC1-8D66B6356385}"
	ProjectSection(ProjectDependencies) = postProject
		{6EA29E8D-B5BA-4ECF-BA60-B71416D6EB41} = {6EA29E8D-B5BA-4ECF-BA60-B71416D6EB41}
		{F2EF9FF0-B7A3-409F-8410-6D95D49A09F2} = {F2EF9FF0-B7A3-409F-8410-6D95D49A09F2}
		{4BF39EAA-5CC6-4057-BC6A-07E0D609B09A} = {4BF39EAA-5CC6-4057-BC6A-07E0D609B09A}
		{06A5805A-528F-4D8F-8644-F03395FDCB87} = {06A5805A-528F-4D8F-8644-F03395FDCB87}
		{297C0F0A-6506-41DE-88ED-DB8426C85270} = {297C0F0A-6506-41DE-88ED-DB8426C85270}
		{0F93166A-01D4-4B20-93C6-422B2770F2DF} = {0F93166A-01D4-4B20-93C6-422B2770F2DF}
		{E6D86358-7D0C-4058-9076-FE75FB046919} = {E6D86358-7D0C-4058-9076-FE75FB046919}
	EndProjectSection
EndProject
Project("{8BC9CEB8-8B4A-11D0-8D11-00A0C91BC942}") = "misc05_picking_custom", "misc05_picking_custom.vcxproj", "{EEE1935B-D2EC-4913-AD85-52AC81ADD397}"
	ProjectSection(ProjectDependencies) = postProject
		{6EA29E8D-B5BA-4ECF-BA60-B71416D6EB41} = {6EA29E8D-B5BA-4ECF-BA60-B71416D6EB41}
		{06A5805A-528F-4D8F-8644-F03395FDCB87} = {06A5805A-528F-4D8F-8644-F03395FDCB87}
		{297C0F0A-6506-41DE-88ED-DB8426C85270} = {297C0F0A-6506-41DE-88ED-DB8426C85270}
		{E6D86358-7D0C-4058-9076-FE75FB046919} = {E6D86358-7D0C-4058-9076-FE75FB046919}
	EndProjectSection
EndProject
Project("{8BC9CEB8-8B4A-11D0-8D11-00A0C91BC942}") = "misc05_picking_slow_easy", "misc05_picking_slow_easy.vcxproj", "{3EF1E3BF-96D5-45FC-87BF-B9FE4440ED24}"
	ProjectSection(ProjectDependencies) = postProject
		{6EA29E8D-B5BA-4ECF-BA60-B71416D6EB41} = {6EA29E8D-B5BA-4ECF-BA60-B71416D6EB41}
		{06A5805A-528F-4D8F-8644-F03395FDCB87} = {06A5805A-528F-4D8F-8644-F03395FDCB87}
		{297C0F0A-6506-41DE-88ED-DB8426C85270} = {297C0F0A-6506-41DE-88ED-DB8426C85270}
		{E6D86358-7D0C-4058-9076-FE75FB046919} = {E6D86358-7D0C-4058-9076-FE75FB046919}
	EndProjectSection
EndProject
Project("{8BC9CEB8-8B4A-11D0-8D11-00A0C91BC942}") = "playground", "playground.vcxproj", "{1C7F975D-151C-4CC1-AE9E-9E7451C70C16}"
	ProjectSection(ProjectDependencies) = postProject
		{06A5805A-528F-4D8F-8644-F03395FDCB87} = {06A5805A-528F-4D8F-8644-F03395FDCB87}
		{297C0F0A-6506-41DE-88ED-DB8426C85270} = {297C0F0A-6506-41DE-88ED-DB8426C85270}
		{E6D86358-7D0C-4058-9076-FE75FB046919} = {E6D86358-7D0C-4058-9076-FE75FB046919}
	EndProjectSection
EndProject
Project("{8BC9CEB8-8B4A-11D0-8D11-00A0C91BC942}") = "tutorial01_first_window", "tutorial01_first_window.vcxproj", "{56DC5779-9428-4FA8-BB89-10443A9DF421}"
	ProjectSection(ProjectDependencies) = postProject
		{06A5805A-528F-4D8F-8644-F03395FDCB87} = {06A5805A-528F-4D8F-8644-F03395FDCB87}
		{297C0F0A-6506-41DE-88ED-DB8426C85270} = {297C0F0A-6506-41DE-88ED-DB8426C85270}
		{E6D86358-7D0C-4058-9076-FE75FB046919} = {E6D86358-7D0C-4058-9076-FE75FB046919}
	EndProjectSection
EndProject
Project("{8BC9CEB8-8B4A-11D0-8D11-00A0C91BC942}") = "tutorial02_red_triangle", "tutorial02_red_triangle.vcxproj", "{A4ED1AF5-17A3-4746-873F-7F43551B7DA0}"
	ProjectSection(ProjectDependencies) = postProject
		{06A5805A-528F-4D8F-8644-F03395FDCB87} = {06A5805A-528F-4D8F-8644-F03395FDCB87}
		{297C0F0A-6506-41DE-88ED-DB8426C85270} = {297C0F0A-6506-41DE-88ED-DB8426C85270}
		{E6D86358-7D0C-4058-9076-FE75FB046919} = {E6D86358-7D0C-4058-9076-FE75FB046919}
	EndProjectSection
EndProject
Project("{8BC9CEB8-8B4A-11D0-8D11-00A0C91BC942}") = "tutorial03_matrices", "tutorial03_matrices.vcxproj", "{211BCE63-D98D-48FA-9C82-DF366E5D2D6C}"
	ProjectSection(ProjectDependencies) = postProject
		{06A5805A-528F-4D8F-8644-F03395FDCB87} = {06A5805A-528F-4D8F-8644-F03395FDCB87}
		{297C0F0A-6506-41DE-88ED-DB8426C85270} = {297C0F0A-6506-41DE-88ED-DB8426C85270}
		{E6D86358-7D0C-4058-9076-FE75FB046919} = {E6D86358-7D0C-4058-9076-FE75FB046919}
	EndProjectSection
EndProject
Project("{8BC9CEB8-8B4A-11D0-8D11-00A0C91BC942}") = "tutorial04_colored_cube", "tutorial04_colored_cube.vcxproj", "{7594DE39-8530-457C-8419-B518D80DF654}"
	ProjectSection(ProjectDependencies) = postProject
		{06A5805A-528F-4D8F-8644-F03395FDCB87} = {06A5805A-528F-4D8F-8644-F03395FDCB87}
		{297C0F0A-6506-41DE-88ED-DB8426C85270} = {297C0F0A-6506-41DE-88ED-DB8426C85270}
		{E6D86358-7D0C-4058-9076-FE75FB046919} = {E6D86358-7D0C-4058-9076-FE75FB046919}
	EndProjectSection
EndProject
Project("{8BC9CEB8-8B4A-11D0-8D11-00A0C91BC942}") = "tutorial05_textured_cube", "tutorial05_textured_cube.vcxproj", "{9B1C99EC-4715-4D36-9673-2F9907BE8CD6}"
	ProjectSection(ProjectDependencies) = postProject
		{06A5805A-528F-4D8F-8644-F03395FDCB87} = {06A5805A-528F-4D8F-8644-F03395FDCB87}
		{297C0F0A-6506-41DE-88ED-DB8426C85270} = {297C0F0A-6506-41DE-88ED-DB8426C85270}
		{E6D86358-7D0C-4058-9076-FE75FB046919} = {E6D86358-7D0C-4058-9076-FE75FB046919}
	EndProjectSection
EndProject
Project("{8BC9CEB8-8B4A-11D0-8D11-00A0C91BC942}") = "tutorial06_keyboard_and_mouse", "tutorial06_keyboard_and_mouse.vcxproj", "{D2C79B6B-8194-4696-B9EB-C528B38B4BC7}"
	ProjectSection(ProjectDependencies) = postProject
		{06A5805A-528F-4D8F-8644-F03395FDCB87} = {06A5805A-528F-4D8F-8644-F03395FDCB87}
		{297C0F0A-6506-41DE-88ED-DB8426C85270} = {297C0F0A-6506-41DE-88ED-DB8426C85270}
		{E6D86358-7D0C-4058-9076-FE75FB046919} = {E6D86358-7D0C-4058-9076-FE75FB046919}
	EndProjectSection
EndProject
Project("{8BC9CEB8-8B4A-11D0-8D11-00A0C91BC942}") = "tutorial07_model_loading", "tutorial07_model_loading.vcxproj", "{CFF2C629-231D-4A5B-978B-58737CF8FE87}"
	ProjectSection(ProjectDependencies) = postProject
		{06A5805A-528F-4D8F-8644-F03395FDCB87} = {06A5805A-528F-4D8F-8644-F03395FDCB87}
		{297C0F0A-6506-41DE-88ED-DB8426C85270} = {297C0F0A-6506-41DE-88ED-DB8426C85270}
		{E6D86358-7D0C-4058-9076-FE75FB046919} = {E6D86358-7D0C-4058-9076-FE75FB046919}
	EndProjectSection
EndProject
Project("{8BC9CEB8-8B4A-11D0-8D11-00A0C91BC942}") = "tutorial08_basic_shading", "tutorial08_basic_shading.vcxproj", "{7AD3B7E5-0943-466B-B124-20AD05C5ADE0}"
	ProjectSection(ProjectDependencies) = postProject
		{06A5805A-528F-4D8F-8644-F03395FDCB87} = {06A5805A-528F-4D8F-8644-F03395FDCB87}
		{297C0F0A-6506-41DE-88ED-DB8426C85270} = {297C0F0A-6506-41DE-88ED-DB8426C85270}
		{E6D86358-7D0C-4058-9076-FE75FB046919} = {E6D86358-7D0C-4058-9076-FE75FB046919}
	EndProjectSection
EndProject
Project("{8BC9CEB8-8B4A-11D0-8D11-00A0C91BC942}") = "tutorial09_AssImp", "tutorial09_AssImp.vcxproj", "{502087E1-CCDF-4823-88C1-53281F9EE83F}"
	ProjectSection(ProjectDependencies) = postProject
		{06A5805A-528F-4D8F-8644-F03395FDCB87} = {06A5805A-528F-4D8F-8644-F03395FDCB87}
		{297C0F0A-6506-41DE-88ED-DB8426C85270} = {297C0F0A-6506-41DE-88ED-DB8426C85270}
		{E6D86358-7D0C-4058-9076-FE75FB046919} = {E6D86358-7D0C-4058-9076-FE75FB046919}
		{5E3A94B9-11D7-4585-BC55-18E5B78E5D4A} = {5E3A94B9-11D7-4585-BC55-18E5B78E5D4A}
		{F304ADB9-40ED-4E46-BBD7-5D2BBB73A15D} = {F304ADB9-40ED-4E46-BBD7-5D2BBB73A15D}
	EndProjectSection
EndProject
Project("{8BC9CEB8-8B4A-11D0-8D11-00A0C91BC942}") = "tutorial09_several_objects", "tutorial09_several_objects.vcxproj", "{B102089A-D177-4108-A4FD-07F46A45BE09}"
	ProjectSection(ProjectDependencies) = postProject
		{06A5805A-528F-4D8F-8644-F03395FDCB87} = {06A5805A-528F-4D8F-8644-F03395FDCB87}
		{297C0F0A-6506-41DE-88ED-DB8426C85270} = {297C0F0A-6506-41DE-88ED-DB8426C85270}
		{E6D86358-7D0C-4058-9076-FE75FB046919} = {E6D86358-7D0C-4058-9076-FE75FB046919}
	EndProjectSection
EndProject
Project("{8BC9CEB8-8B4A-11D0-8D11-00A0C91BC942}") = "tutorial09_vbo_indexing", "tutorial09_vbo_indexing.vcxproj", "{4F59F923-F81C-4ED5-BC05-04D2F1524A64}"
	ProjectSection(ProjectDependencies) = postProject
		{06A5805A-528F-4D8F-8644-F03395FDCB87} = {06A5805A-528F-4D8F-8644-F03395FDCB87}
		{297C0F0A-6506-41DE-88ED-DB8426C85270} = {297C0F0A-6506-41DE-88ED-DB8426C85270}
		{E6D86358-7D0C-4058-9076-FE75FB046919} = {E6D86358-7D0C-4058-9076-FE75FB046919}
	EndProjectSection
EndProject
Project("{8BC9CEB8-8B4A-11D0-8D11-00A0C91BC942}") = "tutorial10_transparency", "tutorial10_transparency.vcxproj", "{609191B5-C192-4D2E-B72A-78F96AF32954}"
	ProjectSection(ProjectDependencies) = postProject
		{06A5805A-528F-4D8F-8644-F03395FDCB87} = {06A5805A-528F-4D8F-8644-F03395FDCB87}
		{297C0F0A-6506-41DE-88ED-DB8426C85270} = {297C0F0A-6506-41DE-88ED-DB8426C85270}
		{E6D86358-7D0C-4058-9076-FE75FB046919} = {E6D86358-7D0C-4058-9076-FE75FB046919}
	EndProjectSection
EndProject
Project("{8BC9CEB8-8B4A-11D0-8D11-00A0C91BC942}") = "tutorial11_2d_fonts", "tutorial11_2d_fonts.vcxproj", "{879ED904-DCDB-4544-8C64-3997CF7424EC}"
	ProjectSection(ProjectDependencies) = postProject
		{06A5805A-528F-4D8F-8644-F03395FDCB87} = {06A5805A-528F-4D8F-8644-F03395FDCB87}
		{297C0F0A-6506-41DE-88ED-DB8426C85270} = {297C0F0A-6506-41DE-88ED-DB8426C85270}
		{E6D86358-7D0C-4058-9076-FE75FB046919} = {E6D86358-7D0C-4058-9076-FE75FB046919}
	EndProjectSection
EndProject
Project("{8BC9CEB8-8B4A-11D0-8D11-00A0C91BC942}") = "tutorial12_extensions", "tutorial12_extensions.vcxproj", "{5E5229B1-E1C4-4B7D-A318-2261C2C49BC1}"
	ProjectSection(ProjectDependencies) = postProject
		{06A5805A-528F-4D8F-8644-F03395FDCB87} = {06A5805A-528F-4D8F-8644-F03395FDCB87}
		{297C0F0A-6506-41DE-88ED-DB8426C85270} = {297C0F0A-6506-41DE-88ED-DB8426C85270}
		{E6D86358-7D0C-4058-9076-FE75FB046919} = {E6D86358-7D0C-4058-9076-FE75FB046919}
	EndProjectSection
EndProject
Project("{8BC9CEB8-8B4A-11D0-8D11-00A0C91BC942}") = "tutorial13_normal_mapping", "tutorial13_normal_mapping.vcxproj", "{9CE7D7B8-D0A3-4381-B496-F0116DAB1496}"
	ProjectSection(ProjectDependencies) = postProject
		{06A5805A-528F-4D8F-8644-F03395FDCB87} = {06A5805A-528F-4D8F-8644-F03395FDCB87}
		{297C0F0A-6506-41DE-88ED-DB8426C85270} = {297C0F0A-6506-41DE-88ED-DB8426C85270}
		{E6D86358-7D0C-4058-9076-FE75FB046919} = {E6D86358-7D0C-4058-9076-FE75FB046919}
	EndProjectSection
EndProject
Project("{8BC9CEB8-8B4A-11D0-8D11-00A0C91BC942}") = "tutorial14_render_to_texture", "tutorial14_render_to_texture.vcxproj", "{2E7D719B-CCC2-420B-A77C-27F326A5D6B5}"
	ProjectSection(ProjectDependencies) = postProject
		{06A5805A-528F-4D8F-8644-F03395FDCB87} = {06A5805A-528F-4D8F-8644-F03395FDCB87}
		{297C0F0A-6506-41DE-88ED-DB8426C85270} = {297C0F0A-6506-41DE-88ED-DB8426C85270}
		{E6D86358-7D0C-4058-9076-FE75FB046919} = {E6D86358-7D0C-4058-9076-FE75FB046919}
	EndProjectSection
EndProject
Project("{8BC9CEB8-8B4A-11D0-8D11-00A0C91BC942}") = "tutorial15_lightmaps", "tutorial15_lightmaps.vcxproj", "{A995470D-6B7F-4CB5-805A-94AE8D3A8337}"
	ProjectSection(ProjectDependencies) = postProject
		{06A5805A-528F-4D8F-8644-F03395FDCB87} = {06A5805A-528F-4D8F-8644-F03395FDCB87}
		{297C0F0A-6506-41DE-88ED-DB8426C85270} = {297C0F0A-6506-41DE-88ED-DB8426C85270}
		{E6D86358-7D0C-4058-9076-FE75FB046919} = {E6D86358-7D0C-4058-9076-FE75FB046919}
	EndProjectSection
EndProject
Project("{8BC9CEB8-8B4A-11D0-8D11-00A0C91BC942}") = "tutorial16_shadowmaps", "tutorial16_shadowmaps.vcxproj", "{98BDFD97-140B-434E-B49C-08C4C41DE8FF}"
	ProjectSection(ProjectDependencies) = postProject
		{06A5805A-528F-4D8F-8644-F03395FDCB87} = {06A5805A-528F-4D8F-8644-F03395FDCB87}
		{297C0F0A-6506-41DE-88ED-DB8426C85270} = {297C0F0A-6506-41DE-88ED-DB8426C85270}
		{E6D86358-7D0C-4058-9076-FE75FB046919} = {E6D86358-7D0C-4058-9076-FE75FB046919}
	EndProjectSection
EndProject
Project("{8BC9CEB8-8B4A-11D0-8D11-00A0C91BC942}") = "tutorial16_shadowmaps_simple", "tutorial16_shadowmaps_simple.vcxproj", "{5134E4C1-CB88-4893-AD81-B59F772D1E0A}"
	ProjectSection(ProjectDependencies) = postProject
		{06A5805A-528F-4D8F-8644-F03395FDCB87} = {06A5805A-528F-4D8F-8644-F03395FDCB87}
		{297C0F0A-6506-41DE-88ED-DB8426C85270} = {297C0F0A-6506-41DE-88ED-DB8426C85270}
		{E6D86358-7D0C-4058-9076-FE75FB046919} = {E6D86358-7D0C-4058-9076-FE75FB046919}
	EndProjectSection
EndProject
Project("{8BC9CEB8-8B4A-11D0-8D11-00A0C91BC942}") = "tutorial17_rotations", "tutorial17_rotations.vcxproj", "{F4E21C57-2E04-49E6-87B9-97EB6E523AD8}"
	ProjectSection(ProjectDependencies) = postProject
		{6EA29E8D-B5BA-4ECF-BA60-B71416D6EB41} = {6EA29E8D-B5BA-4ECF-BA60-B71416D6EB41}
		{06A5805A-528F-4D8F-8644-F03395FDCB87} = {06A5805A-528F-4D8F-8644-F03395FDCB87}
		{297C0F0A-6506-41DE-88ED-DB8426C85270} = {297C0F0A-6506-41DE-88ED-DB8426C85270}
		{E6D86358-7D0C-4058-9076-FE75FB046919} = {E6D86358-7D0C-4058-9076-FE75FB046919}
	EndProjectSection
EndProject
Project("{8BC9CEB8-8B4A-11D0-8D11-00A0C91BC942}") = "tutorial18_billboards", "tutorial18_billboards.vcxproj", "{550F7377-C3DA-4F5C-9A57-20460AD24AFC}"
	ProjectSection(ProjectDependencies) = postProject
		{06A5805A-528F-4D8F-8644-F03395FDCB87} = {06A5805A-528F-4D8F-8644-F03395FDCB87}
		{297C0F0A-6506-41DE-88ED-DB8426C85270} = {297C0F0A-6506-41DE-88ED-DB8426C85270}
		{E6D86358-7D0C-4058-9076-FE75FB046919} = {E6D86358-7D0C-4058-9076-FE75FB046919}
	EndProjectSection
EndProject
Project("{8BC9CEB8-8B4A-11D0-8D11-00A0C91BC942}") = "tutorial18_particles", "tutorial18_particles.vcxproj", "{9528D57E-7A23-4BD0-9BF4-BAE36D5D68AF}"
	ProjectSection(ProjectDependencies) = postProject
		{06A5805A-528F-4D8F-8644-F03395FDCB87} = {06A5805A-528F-4D8F-8644-F03395FDCB87}
		{297C0F0A-6506-41DE-88ED-DB8426C85270} = {297C0F0A-6506-41DE-88ED-DB8426C85270}
		{E6D86358-7D0C-4058-9076-FE75FB046919} = {E6D86358-7D0C-4058-9076-FE75FB046919}
	EndProjectSection
EndProject
Project("{8BC9CEB8-8B4A-11D0-8D11-00A0C91BC942}") = "zlib", "external\assimp-3.0.1270\contrib\zlib\zlib.vcxproj", "{F304ADB9-40ED-4E46-BBD7-5D2BBB73A15D}"
	ProjectSection(ProjectDependencies) = postProject
		{E6D86358-7D0C-4058-9076-FE75FB046919} = {E6D86358-7D0C-4058-9076-FE75FB046919}
	EndProjectSection
EndProject
Global
	GlobalSection(SolutionConfigurationPlatforms) = preSolution
		Debug|x64 = Debug|x64
		Release|x64 = Release|x64
		MinSizeRel|x64 = MinSizeRel|x64
		RelWithDebInfo|x64 = RelWithDebInfo|x64
	EndGlobalSection
	GlobalSection(ProjectConfigurationPlatforms) = postSolution
		{FCCCBD61-F4FF-46E1-AC0A-1B17F2B74337}.Debug|x64.ActiveCfg = Debug|x64
		{FCCCBD61-F4FF-46E1-AC0A-1B17F2B74337}.Debug|x64.Build.0 = Debug|x64
		{FCCCBD61-F4FF-46E1-AC0A-1B17F2B74337}.Release|x64.ActiveCfg = Release|x64
		{FCCCBD61-F4FF-46E1-AC0A-1B17F2B74337}.Release|x64.Build.0 = Release|x64
		{FCCCBD61-F4FF-46E1-AC0A-1B17F2B74337}.MinSizeRel|x64.ActiveCfg = MinSizeRel|x64
		{FCCCBD61-F4FF-46E1-AC0A-1B17F2B74337}.MinSizeRel|x64.Build.0 = MinSizeRel|x64
		{FCCCBD61-F4FF-46E1-AC0A-1B17F2B74337}.RelWithDebInfo|x64.ActiveCfg = RelWithDebInfo|x64
		{FCCCBD61-F4FF-46E1-AC0A-1B17F2B74337}.RelWithDebInfo|x64.Build.0 = RelWithDebInfo|x64
		{6EA29E8D-B5BA-4ECF-BA60-B71416D6EB41}.Debug|x64.ActiveCfg = Debug|x64
		{6EA29E8D-B5BA-4ECF-BA60-B71416D6EB41}.Debug|x64.Build.0 = Debug|x64
		{6EA29E8D-B5BA-4ECF-BA60-B71416D6EB41}.Release|x64.ActiveCfg = Release|x64
		{6EA29E8D-B5BA-4ECF-BA60-B71416D6EB41}.Release|x64.Build.0 = Release|x64
		{6EA29E8D-B5BA-4ECF-BA60-B71416D6EB41}.MinSizeRel|x64.ActiveCfg = MinSizeRel|x64
		{6EA29E8D-B5BA-4ECF-BA60-B71416D6EB41}.MinSizeRel|x64.Build.0 = MinSizeRel|x64
		{6EA29E8D-B5BA-4ECF-BA60-B71416D6EB41}.RelWithDebInfo|x64.ActiveCfg = RelWithDebInfo|x64
		{6EA29E8D-B5BA-4ECF-BA60-B71416D6EB41}.RelWithDebInfo|x64.Build.0 = RelWithDebInfo|x64
		{F2EF9FF0-B7A3-409F-8410-6D95D49A09F2}.Debug|x64.ActiveCfg = Debug|x64
		{F2EF9FF0-B7A3-409F-8410-6D95D49A09F2}.Debug|x64.Build.0 = Debug|x64
		{F2EF9FF0-B7A3-409F-8410-6D95D49A09F2}.Release|x64.ActiveCfg = Release|x64
		{F2EF9FF0-B7A3-409F-8410-6D95D49A09F2}.Release|x64.Build.0 = Release|x64
		{F2EF9FF0-B7A3-409F-8410-6D95D49A09F2}.MinSizeRel|x64.ActiveCfg = MinSizeRel|x64
		{F2EF9FF0-B7A3-409F-8410-6D95D49A09F2}.MinSizeRel|x64.Build.0 = MinSizeRel|x64
		{F2EF9FF0-B7A3-409F-8410-6D95D49A09F2}.RelWithDebInfo|x64.ActiveCfg = RelWithDebInfo|x64
		{F2EF9FF0-B7A3-409F-8410-6D95D49A09F2}.RelWithDebInfo|x64.Build.0 = RelWithDebInfo|x64
		{4BF39EAA-5CC6-4057-BC6A-07E0D609B09A}.Debug|x64.ActiveCfg = Debug|x64
		{4BF39EAA-5CC6-4057-BC6A-07E0D609B09A}.Debug|x64.Build.0 = Debug|x64
		{4BF39EAA-5CC6-4057-BC6A-07E0D609B09A}.Release|x64.ActiveCfg = Release|x64
		{4BF39EAA-5CC6-4057-BC6A-07E0D609B09A}.Release|x64.Build.0 = Release|x64
		{4BF39EAA-5CC6-4057-BC6A-07E0D609B09A}.MinSizeRel|x64.ActiveCfg = MinSizeRel|x64
		{4BF39EAA-5CC6-4057-BC6A-07E0D609B09A}.MinSizeRel|x64.Build.0 = MinSizeRel|x64
		{4BF39EAA-5CC6-4057-BC6A-07E0D609B09A}.RelWithDebInfo|x64.ActiveCfg = RelWithDebInfo|x64
		{4BF39EAA-5CC6-4057-BC6A-07E0D609B09A}.RelWithDebInfo|x64.Build.0 = RelWithDebInfo|x64
		{755C2C78-7B8D-4782-B8C1-71A4C1DEC293}.Debug|x64.ActiveCfg = Debug|x64
		{755C2C78-7B8D-4782-B8C1-71A4C1DEC293}.Debug|x64.Build.0 = Debug|x64
		{755C2C78-7B8D-4782-B8C1-71A4C1DEC293}.Release|x64.ActiveCfg = Release|x64
		{755C2C78-7B8D-4782-B8C1-71A4C1DEC293}.Release|x64.Build.0 = Release|x64
		{755C2C78-7B8D-4782-B8C1-71A4C1DEC293}.MinSizeRel|x64.ActiveCfg = MinSizeRel|x64
		{755C2C78-7B8D-4782-B8C1-71A4C1DEC293}.MinSizeRel|x64.Build.0 = MinSizeRel|x64
		{755C2C78-7B8D-4782-B8C1-71A4C1DEC293}.RelWithDebInfo|x64.ActiveCfg = RelWithDebInfo|x64
		{755C2C78-7B8D-4782-B8C1-71A4C1DEC293}.RelWithDebInfo|x64.Build.0 = RelWithDebInfo|x64
		{06A5805A-528F-4D8F-8644-F03395FDCB87}.Debug|x64.ActiveCfg = Debug|x64
		{06A5805A-528F-4D8F-8644-F03395FDCB87}.Debug|x64.Build.0 = Debug|x64
		{06A5805A-528F-4D8F-8644-F03395FDCB87}.Release|x64.ActiveCfg = Release|x64
		{06A5805A-528F-4D8F-8644-F03395FDCB87}.Release|x64.Build.0 = Release|x64
		{06A5805A-528F-4D8F-8644-F03395FDCB87}.MinSizeRel|x64.ActiveCfg = MinSizeRel|x64
		{06A5805A-528F-4D8F-8644-F03395FDCB87}.MinSizeRel|x64.Build.0 = MinSizeRel|x64
		{06A5805A-528F-4D8F-8644-F03395FDCB87}.RelWithDebInfo|x64.ActiveCfg = RelWithDebInfo|x64
		{06A5805A-528F-4D8F-8644-F03395FDCB87}.RelWithDebInfo|x64.Build.0 = RelWithDebInfo|x64
		{297C0F0A-6506-41DE-88ED-DB8426C85270}.Debug|x64.ActiveCfg = Debug|x64
		{297C0F0A-6506-41DE-88ED-DB8426C85270}.Debug|x64.Build.0 = Debug|x64
		{297C0F0A-6506-41DE-88ED-DB8426C85270}.Release|x64.ActiveCfg = Release|x64
		{297C0F0A-6506-41DE-88ED-DB8426C85270}.Release|x64.Build.0 = Release|x64
		{297C0F0A-6506-41DE-88ED-DB8426C85270}.MinSizeRel|x64.ActiveCfg = MinSizeRel|x64
		{297C0F0A-6506-41DE-88ED-DB8426C85270}.MinSizeRel|x64.Build.0 = MinSizeRel|x64
		{297C0F0A-6506-41DE-88ED-DB8426C85270}.RelWithDebInfo|x64.ActiveCfg = RelWithDebInfo|x64
		{297C0F0A-6506-41DE-88ED-DB8426C85270}.RelWithDebInfo|x64.Build.0 = RelWithDebInfo|x64
		{1136DBF0-F28C-41B9-9DD9-7082DC5A532C}.Debug|x64.ActiveCfg = Debug|x64
		{1136DBF0-F28C-41B9-9DD9-7082DC5A532C}.Release|x64.ActiveCfg = Release|x64
		{1136DBF0-F28C-41B9-9DD9-7082DC5A532C}.MinSizeRel|x64.ActiveCfg = MinSizeRel|x64
		{1136DBF0-F28C-41B9-9DD9-7082DC5A532C}.RelWithDebInfo|x64.ActiveCfg = RelWithDebInfo|x64
		{0F93166A-01D4-4B20-93C6-422B2770F2DF}.Debug|x64.ActiveCfg = Debug|x64
		{0F93166A-01D4-4B20-93C6-422B2770F2DF}.Debug|x64.Build.0 = Debug|x64
		{0F93166A-01D4-4B20-93C6-422B2770F2DF}.Release|x64.ActiveCfg = Release|x64
		{0F93166A-01D4-4B20-93C6-422B2770F2DF}.Release|x64.Build.0 = Release|x64
		{0F93166A-01D4-4B20-93C6-422B2770F2DF}.MinSizeRel|x64.ActiveCfg = MinSizeRel|x64
		{0F93166A-01D4-4B20-93C6-422B2770F2DF}.MinSizeRel|x64.Build.0 = MinSizeRel|x64
		{0F93166A-01D4-4B20-93C6-422B2770F2DF}.RelWithDebInfo|x64.ActiveCfg = RelWithDebInfo|x64
		{0F93166A-01D4-4B20-93C6-422B2770F2DF}.RelWithDebInfo|x64.Build.0 = RelWithDebInfo|x64
		{E6D86358-7D0C-4058-9076-FE75FB046919}.Debug|x64.ActiveCfg = Debug|x64
		{E6D86358-7D0C-4058-9076-FE75FB046919}.Debug|x64.Build.0 = Debug|x64
		{E6D86358-7D0C-4058-9076-FE75FB046919}.Release|x64.ActiveCfg = Release|x64
		{E6D86358-7D0C-4058-9076-FE75FB046919}.Release|x64.Build.0 = Release|x64
		{E6D86358-7D0C-4058-9076-FE75FB046919}.MinSizeRel|x64.ActiveCfg = MinSizeRel|x64
		{E6D86358-7D0C-4058-9076-FE75FB046919}.MinSizeRel|x64.Build.0 = MinSizeRel|x64
		{E6D86358-7D0C-4058-9076-FE75FB046919}.RelWithDebInfo|x64.ActiveCfg = RelWithDebInfo|x64
		{E6D86358-7D0C-4058-9076-FE75FB046919}.RelWithDebInfo|x64.Build.0 = RelWithDebInfo|x64
		{5E3A94B9-11D7-4585-BC55-18E5B78E5D4A}.Debug|x64.ActiveCfg = Debug|x64
		{5E3A94B9-11D7-4585-BC55-18E5B78E5D4A}.Debug|x64.Build.0 = Debug|x64
		{5E3A94B9-11D7-4585-BC55-18E5B78E5D4A}.Release|x64.ActiveCfg = Release|x64
		{5E3A94B9-11D7-4585-BC55-18E5B78E5D4A}.Release|x64.Build.0 = Release|x64
		{5E3A94B9-11D7-4585-BC55-18E5B78E5D4A}.MinSizeRel|x64.ActiveCfg = MinSizeRel|x64
		{5E3A94B9-11D7-4585-BC55-18E5B78E5D4A}.MinSizeRel|x64.Build.0 = MinSizeRel|x64
		{5E3A94B9-11D7-4585-BC55-18E5B78E5D4A}.RelWithDebInfo|x64.ActiveCfg = RelWithDebInfo|x64
		{5E3A94B9-11D7-4585-BC55-18E5B78E5D4A}.RelWithDebInfo|x64.Build.0 = RelWithDebInfo|x64
		{A20D9222-7FD4-4016-8BC1-8D66B6356385}.Debug|x64.ActiveCfg = Debug|x64
		{A20D9222-7FD4-4016-8BC1-8D66B6356385}.Debug|x64.Build.0 = Debug|x64
		{A20D9222-7FD4-4016-8BC1-8D66B6356385}.Release|x64.ActiveCfg = Release|x64
		{A20D9222-7FD4-4016-8BC1-8D66B6356385}.Release|x64.Build.0 = Release|x64
		{A20D9222-7FD4-4016-8BC1-8D66B6356385}.MinSizeRel|x64.ActiveCfg = MinSizeRel|x64
		{A20D9222-7FD4-4016-8BC1-8D66B6356385}.MinSizeRel|x64.Build.0 = MinSizeRel|x64
		{A20D9222-7FD4-4016-8BC1-8D66B6356385}.RelWithDebInfo|x64.ActiveCfg = RelWithDebInfo|x64
		{A20D9222-7FD4-4016-8BC1-8D66B6356385}.RelWithDebInfo|x64.Build.0 = RelWithDebInfo|x64
		{EEE1935B-D2EC-4913-AD85-52AC81ADD397}.Debug|x64.ActiveCfg = Debug|x64
		{EEE1935B-D2EC-4913-AD85-52AC81ADD397}.Debug|x64.Build.0 = Debug|x64
		{EEE1935B-D2EC-4913-AD85-52AC81ADD397}.Release|x64.ActiveCfg = Release|x64
		{EEE1935B-D2EC-4913-AD85-52AC81ADD397}.Release|x64.Build.0 = Release|x64
		{EEE1935B-D2EC-4913-AD85-52AC81ADD397}.MinSizeRel|x64.ActiveCfg = MinSizeRel|x64
		{EEE1935B-D2EC-4913-AD85-52AC81ADD397}.MinSizeRel|x64.Build.0 = MinSizeRel|x64
		{EEE1935B-D2EC-4913-AD85-52AC81ADD397}.RelWithDebInfo|x64.ActiveCfg = RelWithDebInfo|x64
		{EEE1935B-D2EC-4913-AD85-52AC81ADD397}.RelWithDebInfo|x64.Build.0 = RelWithDebInfo|x64
		{3EF1E3BF-96D5-45FC-87BF-B9FE4440ED24}.Debug|x64.ActiveCfg = Debug|x64
		{3EF1E3BF-96D5-45FC-87BF-B9FE4440ED24}.Debug|x64.Build.0 = Debug|x64
		{3EF1E3BF-96D5-45FC-87BF-B9FE4440ED24}.Release|x64.ActiveCfg = Release|x64
		{3EF1E3BF-96D5-45FC-87BF-B9FE4440ED24}.Release|x64.Build.0 = Release|x64
		{3EF1E3BF-96D5-45FC-87BF-B9FE4440ED24}.MinSizeRel|x64.ActiveCfg = MinSizeRel|x64
		{3EF1E3BF-96D5-45FC-87BF-B9FE4440ED24}.MinSizeRel|x64.Build.0 = MinSizeRel|x64
		{3EF1E3BF-96D5-45FC-87BF-B9FE4440ED24}.RelWithDebInfo|x64.ActiveCfg = RelWithDebInfo|x64
		{3EF1E3BF-96D5-45FC-87BF-B9FE4440ED24}.RelWithDebInfo|x64.Build.0 = RelWithDebInfo|x64
		{1C7F975D-151C-4CC1-AE9E-9E7451C70C16}.Debug|x64.ActiveCfg = Debug|x64
		{1C7F975D-151C-4CC1-AE9E-9E7451C70C16}.Debug|x64.Build.0 = Debug|x64
		{1C7F975D-151C-4CC1-AE9E-9E7451C70C16}.Release|x64.ActiveCfg = Release|x64
		{1C7F975D-151C-4CC1-AE9E-9E7451C70C16}.Release|x64.Build.0 = Release|x64
		{1C7F975D-151C-4CC1-AE9E-9E7451C70C16}.MinSizeRel|x64.ActiveCfg = MinSizeRel|x64
		{1C7F975D-151C-4CC1-AE9E-9E7451C70C16}.MinSizeRel|x64.Build.0 = MinSizeRel|x64
		{1C7F975D-151C-4CC1-AE9E-9E7451C70C16}.RelWithDebInfo|x64.ActiveCfg = RelWithDebInfo|x64
		{1C7F975D-151C-4CC1-AE9E-9E7451C70C16}.RelWithDebInfo|x64.Build.0 = RelWithDebInfo|x64
		{56DC5779-9428-4FA8-BB89-10443A9DF421}.Debug|x64.ActiveCfg = Debug|x64
		{56DC5779-9428-4FA8-BB89-10443A9DF421}.Debug|x64.Build.0 = Debug|x64
		{56DC5779-9428-4FA8-BB89-10443A9DF421}.Release|x64.ActiveCfg = Release|x64
		{56DC5779-9428-4FA8-BB89-10443A9DF421}.Release|x64.Build.0 = Release|x64
		{56DC5779-9428-4FA8-BB89-10443A9DF421}.MinSizeRel|x64.ActiveCfg = MinSizeRel|x64
		{56DC5779-9428-4FA8-BB89-10443A9DF421}.MinSizeRel|x64.Build.0 = MinSizeRel|x64
		{56DC5779-9428-4FA8-BB89-10443A9DF421}.RelWithDebInfo|x64.ActiveCfg = RelWithDebInfo|x64
		{56DC5779-9428-4FA8-BB89-10443A9DF421}.RelWithDebInfo|x64.Build.0 = RelWithDebInfo|x64
		{A4ED1AF5-17A3-4746-873F-7F43551B7DA0}.Debug|x64.ActiveCfg = Debug|x64
		{A4ED1AF5-17A3-4746-873F-7F43551B7DA0}.Debug|x64.Build.0 = Debug|x64
		{A4ED1AF5-17A3-4746-873F-7F43551B7DA0}.Release|x64.ActiveCfg = Release|x64
		{A4ED1AF5-17A3-4746-873F-7F43551B7DA0}.Release|x64.Build.0 = Release|x64
		{A4ED1AF5-17A3-4746-873F-7F43551B7DA0}.MinSizeRel|x64.ActiveCfg = MinSizeRel|x64
		{A4ED1AF5-17A3-4746-873F-7F43551B7DA0}.MinSizeRel|x64.Build.0 = MinSizeRel|x64
		{A4ED1AF5-17A3-4746-873F-7F43551B7DA0}.RelWithDebInfo|x64.ActiveCfg = RelWithDebInfo|x64
		{A4ED1AF5-17A3-4746-873F-7F43551B7DA0}.RelWithDebInfo|x64.Build.0 = RelWithDebInfo|x64
		{211BCE63-D98D-48FA-9C82-DF366E5D2D6C}.Debug|x64.ActiveCfg = Debug|x64
		{211BCE63-D98D-48FA-9C82-DF366E5D2D6C}.Debug|x64.Build.0 = Debug|x64
		{211BCE63-D98D-48FA-9C82-DF366E5D2D6C}.Release|x64.ActiveCfg = Release|x64
		{211BCE63-D98D-48FA-9C82-DF366E5D2D6C}.Release|x64.Build.0 = Release|x64
		{211BCE63-D98D-48FA-9C82-DF366E5D2D6C}.MinSizeRel|x64.ActiveCfg = MinSizeRel|x64
		{211BCE63-D98D-48FA-9C82-DF366E5D2D6C}.MinSizeRel|x64.Build.0 = MinSizeRel|x64
		{211BCE63-D98D-48FA-9C82-DF366E5D2D6C}.RelWithDebInfo|x64.ActiveCfg = RelWithDebInfo|x64
		{211BCE63-D98D-48FA-9C82-DF366E5D2D6C}.RelWithDebInfo|x64.Build.0 = RelWithDebInfo|x64
		{7594DE39-8530-457C-8419-B518D80DF654}.Debug|x64.ActiveCfg = Debug|x64
		{7594DE39-8530-457C-8419-B518D80DF654}.Debug|x64.Build.0 = Debug|x64
		{7594DE39-8530-457C-8419-B518D80DF654}.Release|x64.ActiveCfg = Release|x64
		{7594DE39-8530-457C-8419-B518D80DF654}.Release|x64.Build.0 = Release|x64
		{7594DE39-8530-457C-8419-B518D80DF654}.MinSizeRel|x64.ActiveCfg = MinSizeRel|x64
		{7594DE39-8530-457C-8419-B518D80DF654}.MinSizeRel|x64.Build.0 = MinSizeRel|x64
		{7594DE39-8530-457C-8419-B518D80DF654}.RelWithDebInfo|x64.ActiveCfg = RelWithDebInfo|x64
		{7594DE39-8530-457C-8419-B518D80DF654}.RelWithDebInfo|x64.Build.0 = RelWithDebInfo|x64
		{9B1C99EC-4715-4D36-9673-2F9907BE8CD6}.Debug|x64.ActiveCfg = Debug|x64
		{9B1C99EC-4715-4D36-9673-2F9907BE8CD6}.Debug|x64.Build.0 = Debug|x64
		{9B1C99EC-4715-4D36-9673-2F9907BE8CD6}.Release|x64.ActiveCfg = Release|x64
		{9B1C99EC-4715-4D36-9673-2F9907BE8CD6}.Release|x64.Build.0 = Release|x64
		{9B1C99EC-4715-4D36-9673-2F9907BE8CD6}.MinSizeRel|x64.ActiveCfg = MinSizeRel|x64
		{9B1C99EC-4715-4D36-9673-2F9907BE8CD6}.MinSizeRel|x64.Build.0 = MinSizeRel|x64
		{9B1C99EC-4715-4D36-9673-2F9907BE8CD6}.RelWithDebInfo|x64.ActiveCfg = RelWithDebInfo|x64
		{9B1C99EC-4715-4D36-9673-2F9907BE8CD6}.RelWithDebInfo|x64.Build.0 = RelWithDebInfo|x64
		{D2C79B6B-8194-4696-B9EB-C528B38B4BC7}.Debug|x64.ActiveCfg = Debug|x64
		{D2C79B6B-8194-4696-B9EB-C528B38B4BC7}.Debug|x64.Build.0 = Debug|x64
		{D2C79B6B-8194-4696-B9EB-C528B38B4BC7}.Release|x64.ActiveCfg = Release|x64
		{D2C79B6B-8194-4696-B9EB-C528B38B4BC7}.Release|x64.Build.0 = Release|x64
		{D2C79B6B-8194-4696-B9EB-C528B38B4BC7}.MinSizeRel|x64.ActiveCfg = MinSizeRel|x64
		{D2C79B6B-8194-4696-B9EB-C528B38B4BC7}.MinSizeRel|x64.Build.0 = MinSizeRel|x64
		{D2C79B6B-8194-4696-B9EB-C528B38B4BC7}.RelWithDebInfo|x64.ActiveCfg = RelWithDebInfo|x64
		{D2C79B6B-8194-4696-B9EB-C528B38B4BC7}.RelWithDebInfo|x64.Build.0 = RelWithDebInfo|x64
		{CFF2C629-231D-4A5B-978B-58737CF8FE87}.Debug|x64.ActiveCfg = Debug|x64
		{CFF2C629-231D-4A5B-978B-58737CF8FE87}.Debug|x64.Build.0 = Debug|x64
		{CFF2C629-231D-4A5B-978B-58737CF8FE87}.Release|x64.ActiveCfg = Release|x64
		{CFF2C629-231D-4A5B-978B-58737CF8FE87}.Release|x64.Build.0 = Release|x64
		{CFF2C629-231D-4A5B-978B-58737CF8FE87}.MinSizeRel|x64.ActiveCfg = MinSizeRel|x64
		{CFF2C629-231D-4A5B-978B-58737CF8FE87}.MinSizeRel|x64.Build.0 = MinSizeRel|x64
		{CFF2C629-231D-4A5B-978B-58737CF8FE87}.RelWithDebInfo|x64.ActiveCfg = RelWithDebInfo|x64
		{CFF2C629-231D-4A5B-978B-58737CF8FE87}.RelWithDebInfo|x64.Build.0 = RelWithDebInfo|x64
		{7AD3B7E5-0943-466B-B124-20AD05C5ADE0}.Debug|x64.ActiveCfg = Debug|x64
		{7AD3B7E5-0943-466B-B124-20AD05C5ADE0}.Debug|x64.Build.0 = Debug|x64
		{7AD3B7E5-0943-466B-B124-20AD05C5ADE0}.Release|x64.ActiveCfg = Release|x64
		{7AD3B7E5-0943-466B-B124-20AD05C5ADE0}.Release|x64.Build.0 = Release|x64
		{7AD3B7E5-0943-466B-B124-20AD05C5ADE0}.MinSizeRel|x64.ActiveCfg = MinSizeRel|x64
		{7AD3B7E5-0943-466B-B124-20AD05C5ADE0}.MinSizeRel|x64.Build.0 = MinSizeRel|x64
		{7AD3B7E5-0943-466B-B124-20AD05C5ADE0}.RelWithDebInfo|x64.ActiveCfg = RelWithDebInfo|x64
		{7AD3B7E5-0943-466B-B124-20AD05C5ADE0}.RelWithDebInfo|x64.Build.0 = RelWithDebInfo|x64
		{502087E1-CCDF-4823-88C1-53281F9EE83F}.Debug|x64.ActiveCfg = Debug|x64
		{502087E1-CCDF-4823-88C1-53281F9EE83F}.Debug|x64.Build.0 = Debug|x64
		{502087E1-CCDF-4823-88C1-53281F9EE83F}.Release|x64.ActiveCfg = Release|x64
		{502087E1-CCDF-4823-88C1-53281F9EE83F}.Release|x64.Build.0 = Release|x64
		{502087E1-CCDF-4823-88C1-53281F9EE83F}.MinSizeRel|x64.ActiveCfg = MinSizeRel|x64
		{502087E1-CCDF-4823-88C1-53281F9EE83F}.MinSizeRel|x64.Build.0 = MinSizeRel|x64
		{502087E1-CCDF-4823-88C1-53281F9EE83F}.RelWithDebInfo|x64.ActiveCfg = RelWithDebInfo|x64
		{502087E1-CCDF-4823-88C1-53281F9EE83F}.RelWithDebInfo|x64.Build.0 = RelWithDebInfo|x64
		{B102089A-D177-4108-A4FD-07F46A45BE09}.Debug|x64.ActiveCfg = Debug|x64
		{B102089A-D177-4108-A4FD-07F46A45BE09}.Debug|x64.Build.0 = Debug|x64
		{B102089A-D177-4108-A4FD-07F46A45BE09}.Release|x64.ActiveCfg = Release|x64
		{B102089A-D177-4108-A4FD-07F46A45BE09}.Release|x64.Build.0 = Release|x64
		{B102089A-D177-4108-A4FD-07F46A45BE09}.MinSizeRel|x64.ActiveCfg = MinSizeRel|x64
		{B102089A-D177-4108-A4FD-07F46A45BE09}.MinSizeRel|x64.Build.0 = MinSizeRel|x64
		{B102089A-D177-4108-A4FD-07F46A45BE09}.RelWithDebInfo|x64.ActiveCfg = RelWithDebInfo|x64
		{B102089A-D177-4108-A4FD-07F46A45BE09}.RelWithDebInfo|x64.Build.0 = RelWithDebInfo|x64
		{4F59F923-F81C-4ED5-BC05-04D2F1524A64}.Debug|x64.ActiveCfg = Debug|x64
		{4F59F923-F81C-4ED5-BC05-04D2F1524A64}.Debug|x64.Build.0 = Debug|x64
		{4F59F923-F81C-4ED5-BC05-04D2F1524A64}.Release|x64.ActiveCfg = Release|x64
		{4F59F923-F81C-4ED5-BC05-04D2F1524A64}.Release|x64.Build.0 = Release|x64
		{4F59F923-F81C-4ED5-BC05-04D2F1524A64}.MinSizeRel|x64.ActiveCfg = MinSizeRel|x64
		{4F59F923-F81C-4ED5-BC05-04D2F1524A64}.MinSizeRel|x64.Build.0 = MinSizeRel|x64
		{4F59F923-F81C-4ED5-BC05-04D2F1524A64}.RelWithDebInfo|x64.ActiveCfg = RelWithDebInfo|x64
		{4F59F923-F81C-4ED5-BC05-04D2F1524A64}.RelWithDebInfo|x64.Build.0 = RelWithDebInfo|x64
		{609191B5-C192-4D2E-B72A-78F96AF32954}.Debug|x64.ActiveCfg = Debug|x64
		{609191B5-C192-4D2E-B72A-78F96AF32954}.Debug|x64.Build.0 = Debug|x64
		{609191B5-C192-4D2E-B72A-78F96AF32954}.Release|x64.ActiveCfg = Release|x64
		{609191B5-C192-4D2E-B72A-78F96AF32954}.Release|x64.Build.0 = Release|x64
		{609191B5-C192-4D2E-B72A-78F96AF32954}.MinSizeRel|x64.ActiveCfg = MinSizeRel|x64
		{609191B5-C192-4D2E-B72A-78F96AF32954}.MinSizeRel|x64.Build.0 = MinSizeRel|x64
		{609191B5-C192-4D2E-B72A-78F96AF32954}.RelWithDebInfo|x64.ActiveCfg = RelWithDebInfo|x64
		{609191B5-C192-4D2E-B72A-78F96AF32954}.RelWithDebInfo|x64.Build.0 = RelWithDebInfo|x64
		{879ED904-DCDB-4544-8C64-3997CF7424EC}.Debug|x64.ActiveCfg = Debug|x64
		{879ED904-DCDB-4544-8C64-3997CF7424EC}.Debug|x64.Build.0 = Debug|x64
		{879ED904-DCDB-4544-8C64-3997CF7424EC}.Release|x64.ActiveCfg = Release|x64
		{879ED904-DCDB-4544-8C64-3997CF7424EC}.Release|x64.Build.0 = Release|x64
		{879ED904-DCDB-4544-8C64-3997CF7424EC}.MinSizeRel|x64.ActiveCfg = MinSizeRel|x64
		{879ED904-DCDB-4544-8C64-3997CF7424EC}.MinSizeRel|x64.Build.0 = MinSizeRel|x64
		{879ED904-DCDB-4544-8C64-3997CF7424EC}.RelWithDebInfo|x64.ActiveCfg = RelWithDebInfo|x64
		{879ED904-DCDB-4544-8C64-3997CF7424EC}.RelWithDebInfo|x64.Build.0 = RelWithDebInfo|x64
		{5E5229B1-E1C4-4B7D-A318-2261C2C49BC1}.Debug|x64.ActiveCfg = Debug|x64
		{5E5229B1-E1C4-4B7D-A318-2261C2C49BC1}.Debug|x64.Build.0 = Debug|x64
		{5E5229B1-E1C4-4B7D-A318-2261C2C49BC1}.Release|x64.ActiveCfg = Release|x64
		{5E5229B1-E1C4-4B7D-A318-2261C2C49BC1}.Release|x64.Build.0 = Release|x64
		{5E5229B1-E1C4-4B7D-A318-2261C2C49BC1}.MinSizeRel|x64.ActiveCfg = MinSizeRel|x64
		{5E5229B1-E1C4-4B7D-A318-2261C2C49BC1}.MinSizeRel|x64.Build.0 = MinSizeRel|x64
		{5E5229B1-E1C4-4B7D-A318-2261C2C49BC1}.RelWithDebInfo|x64.ActiveCfg = RelWithDebInfo|x64
		{5E5229B1-E1C4-4B7D-A318-2261C2C49BC1}.RelWithDebInfo|x64.Build.0 = RelWithDebInfo|x64
		{9CE7D7B8-D0A3-4381-B496-F0116DAB1496}.Debug|x64.ActiveCfg = Debug|x64
		{9CE7D7B8-D0A3-4381-B496-F0116DAB1496}.Debug|x64.Build.0 = Debug|x64
		{9CE7D7B8-D0A3-4381-B496-F0116DAB1496}.Release|x64.ActiveCfg = Release|x64
		{9CE7D7B8-D0A3-4381-B496-F0116DAB1496}.Release|x64.Build.0 = Release|x64
		{9CE7D7B8-D0A3-4381-B496-F0116DAB1496}.MinSizeRel|x64.ActiveCfg = MinSizeRel|x64
		{9CE7D7B8-D0A3-4381-B496-F0116DAB1496}.MinSizeRel|x64.Build.0 = MinSizeRel|x64
		{9CE7D7B8-D0A3-4381-B496-F0116DAB1496}.RelWithDebInfo|x64.ActiveCfg = RelWithDebInfo|x64
		{9CE7D7B8-D0A3-4381-B496-F0116DAB1496}.RelWithDebInfo|x64.Build.0 = RelWithDebInfo|x64
		{2E7D719B-CCC2-420B-A77C-27F326A5D6B5}.Debug|x64.ActiveCfg = Debug|x64
		{2E7D719B-CCC2-420B-A77C-27F326A5D6B5}.Debug|x64.Build.0 = Debug|x64
		{2E7D719B-CCC2-420B-A77C-27F326A5D6B5}.Release|x64.ActiveCfg = Release|x64
		{2E7D719B-CCC2-420B-A77C-27F326A5D6B5}.Release|x64.Build.0 = Release|x64
		{2E7D719B-CCC2-420B-A77C-27F326A5D6B5}.MinSizeRel|x64.ActiveCfg = MinSizeRel|x64
		{2E7D719B-CCC2-420B-A77C-27F326A5D6B5}.MinSizeRel|x64.Build.0 = MinSizeRel|x64
		{2E7D719B-CCC2-420B-A77C-27F326A5D6B5}.RelWithDebInfo|x64.ActiveCfg = RelWithDebInfo|x64
		{2E7D719B-CCC2-420B-A77C-27F326A5D6B5}.RelWithDebInfo|x64.Build.0 = RelWithDebInfo|x64
		{A995470D-6B7F-4CB5-805A-94AE8D3A8337}.Debug|x64.ActiveCfg = Debug|x64
		{A995470D-6B7F-4CB5-805A-94AE8D3A8337}.Debug|x64.Build.0 = Debug|x64
		{A995470D-6B7F-4CB5-805A-94AE8D3A8337}.Release|x64.ActiveCfg = Release|x64
		{A995470D-6B7F-4CB5-805A-94AE8D3A8337}.Release|x64.Build.0 = Release|x64
		{A995470D-6B7F-4CB5-805A-94AE8D3A8337}.MinSizeRel|x64.ActiveCfg = MinSizeRel|x64
		{A995470D-6B7F-4CB5-805A-94AE8D3A8337}.MinSizeRel|x64.Build.0 = MinSizeRel|x64
		{A995470D-6B7F-4CB5-805A-94AE8D3A8337}.RelWithDebInfo|x64.ActiveCfg = RelWithDebInfo|x64
		{A995470D-6B7F-4CB5-805A-94AE8D3A8337}.RelWithDebInfo|x64.Build.0 = RelWithDebInfo|x64
		{98BDFD97-140B-434E-B49C-08C4C41DE8FF}.Debug|x64.ActiveCfg = Debug|x64
		{98BDFD97-140B-434E-B49C-08C4C41DE8FF}.Debug|x64.Build.0 = Debug|x64
		{98BDFD97-140B-434E-B49C-08C4C41DE8FF}.Release|x64.ActiveCfg = Release|x64
		{98BDFD97-140B-434E-B49C-08C4C41DE8FF}.Release|x64.Build.0 = Release|x64
		{98BDFD97-140B-434E-B49C-08C4C41DE8FF}.MinSizeRel|x64.ActiveCfg = MinSizeRel|x64
		{98BDFD97-140B-434E-B49C-08C4C41DE8FF}.MinSizeRel|x64.Build.0 = MinSizeRel|x64
		{98BDFD97-140B-434E-B49C-08C4C41DE8FF}.RelWithDebInfo|x64.ActiveCfg = RelWithDebInfo|x64
		{98BDFD97-140B-434E-B49C-08C4C41DE8FF}.RelWithDebInfo|x64.Build.0 = RelWithDebInfo|x64
		{5134E4C1-CB88-4893-AD81-B59F772D1E0A}.Debug|x64.ActiveCfg = Debug|x64
		{5134E4C1-CB88-4893-AD81-B59F772D1E0A}.Debug|x64.Build.0 = Debug|x64
		{5134E4C1-CB88-4893-AD81-B59F772D1E0A}.Release|x64.ActiveCfg = Release|x64
		{5134E4C1-CB88-4893-AD81-B59F772D1E0A}.Release|x64.Build.0 = Release|x64
		{5134E4C1-CB88-4893-AD81-B59F772D1E0A}.MinSizeRel|x64.ActiveCfg = MinSizeRel|x64
		{5134E4C1-CB88-4893-AD81-B59F772D1E0A}.MinSizeRel|x64.Build.0 = MinSizeRel|x64
		{5134E4C1-CB88-4893-AD81-B59F772D1E0A}.RelWithDebInfo|x64.ActiveCfg = RelWithDebInfo|x64
		{5134E4C1-CB88-4893-AD81-B59F772D1E0A}.RelWithDebInfo|x64.Build.0 = RelWithDebInfo|x64
		{F4E21C57-2E04-49E6-87B9-97EB6E523AD8}.Debug|x64.ActiveCfg = Debug|x64
		{F4E21C57-2E04-49E6-87B9-97EB6E523AD8}.Debug|x64.Build.0 = Debug|x64
		{F4E21C57-2E04-49E6-87B9-97EB6E523AD8}.Release|x64.ActiveCfg = Release|x64
		{F4E21C57-2E04-49E6-87B9-97EB6E523AD8}.Release|x64.Build.0 = Release|x64
		{F4E21C57-2E04-49E6-87B9-97EB6E523AD8}.MinSizeRel|x64.ActiveCfg = MinSizeRel|x64
		{F4E21C57-2E04-49E6-87B9-97EB6E523AD8}.MinSizeRel|x64.Build.0 = MinSizeRel|x64
		{F4E21C57-2E04-49E6-87B9-97EB6E523AD8}.RelWithDebInfo|x64.ActiveCfg = RelWithDebInfo|x64
		{F4E21C57-2E04-49E6-87B9-97EB6E523AD8}.RelWithDebInfo|x64.Build.0 = RelWithDebInfo|x64
		{550F7377-C3DA-4F5C-9A57-20460AD24AFC}.Debug|x64.ActiveCfg = Debug|x64
		{550F7377-C3DA-4F5C-9A57-20460AD24AFC}.Debug|x64.Build.0 = Debug|x64
		{550F7377-C3DA-4F5C-9A57-20460AD24AFC}.Release|x64.ActiveCfg = Release|x64
		{550F7377-C3DA-4F5C-9A57-20460AD24AFC}.Release|x64.Build.0 = Release|x64
		{550F7377-C3DA-4F5C-9A57-20460AD24AFC}.MinSizeRel|x64.ActiveCfg = MinSizeRel|x64
		{550F7377-C3DA-4F5C-9A57-20460AD24AFC}.MinSizeRel|x64.Build.0 = MinSizeRel|x64
		{550F7377-C3DA-4F5C-9A57-20460AD24AFC}.RelWithDebInfo|x64.ActiveCfg = RelWithDebInfo|x64
		{550F7377-C3DA-4F5C-9A57-20460AD24AFC}.RelWithDebInfo|x64.Build.0 = RelWithDebInfo|x64
		{9528D57E-7A23-4BD0-9BF4-BAE36D5D68AF}.Debug|x64.ActiveCfg = Debug|x64
		{9528D57E-7A23-4BD0-9BF4-BAE36D5D68AF}.Debug|x64.Build.0 = Debug|x64
		{9528D57E-7A23-4BD0-9BF4-BAE36D5D68AF}.Release|x64.ActiveCfg = Release|x64
		{9528D57E-7A23-4BD0-9BF4-BAE36D5D68AF}.Release|x64.Build.0 = Release|x64
		{9528D57E-7A23-4BD0-9BF4-BAE36D5D68AF}.MinSizeRel|x64.ActiveCfg = MinSizeRel|x64
		{9528D57E-7A23-4BD0-9BF4-BAE36D5D68AF}.MinSizeRel|x64.Build.0 = MinSizeRel|x64
		{9528D57E-7A23-4BD0-9BF4-BAE36D5D68AF}.RelWithDebInfo|x64.ActiveCfg = RelWithDebInfo|x64
		{9528D57E-7A23-4BD0-9BF4-BAE36D5D68AF}.RelWithDebInfo|x64.Build.0 = RelWithDebInfo|x64
		{F304ADB9-40ED-4E46-BBD7-5D2BBB73A15D}.Debug|x64.ActiveCfg = Debug|x64
		{F304ADB9-40ED-4E46-BBD7-5D2BBB73A15D}.Debug|x64.Build.0 = Debug|x64
		{F304ADB9-40ED-4E46-BBD7-5D2BBB73A15D}.Release|x64.ActiveCfg = Release|x64
		{F304ADB9-40ED-4E46-BBD7-5D2BBB73A15D}.Release|x64.Build.0 = Release|x64
		{F304ADB9-40ED-4E46-BBD7-5D2BBB73A15D}.MinSizeRel|x64.ActiveCfg = MinSizeRel|x64
		{F304ADB9-40ED-4E46-BBD7-5D2BBB73A15D}.MinSizeRel|x64.Build.0 = MinSizeRel|x64
		{F304ADB9-40ED-4E46-BBD7-5D2BBB73A15D}.RelWithDebInfo|x64.ActiveCfg = RelWithDebInfo|x64
		{F304ADB9-40ED-4E46-BBD7-5D2BBB73A15D}.RelWithDebInfo|x64.Build.0 = RelWithDebInfo|x64
	EndGlobalSection
	GlobalSection(ExtensibilityGlobals) = postSolution
	EndGlobalSection
	GlobalSection(ExtensibilityAddIns) = postSolution
	EndGlobalSection
EndGlobal
